
Microsoft Visual Studio Solution File, Format Version 12.00
# Visual Studio Version 17
VisualStudioVersion = 17.9.34728.123
MinimumVisualStudioVersion = 10.0.40219.1
Project("{9A19103F-16F7-4668-BE54-9A1E7A4F7556}") = "ExaminationٍٍSystem", "Exam\ExaminationٍٍSystem.csproj", "{EF273A78-5711-4D39-A588-BC61E118D5E0}"
EndProject
Global
	GlobalSection(SolutionConfigurationPlatforms) = preSolution
		Debug|Any CPU = Debug|Any CPU
		Release|Any CPU = Release|Any CPU
	EndGlobalSection
	GlobalSection(ProjectConfigurationPlatforms) = postSolution
		{EF273A78-5711-4D39-A588-BC61E118D5E0}.Debug|Any CPU.ActiveCfg = Debug|Any CPU
		{EF273A78-5711-4D39-A588-BC61E118D5E0}.Debug|Any CPU.Build.0 = Debug|Any CPU
		{EF273A78-5711-4D39-A588-BC61E118D5E0}.Release|Any CPU.ActiveCfg = Release|Any CPU
		{EF273A78-5711-4D39-A588-BC61E118D5E0}.Release|Any CPU.Build.0 = Release|Any CPU
	EndGlobalSection
	GlobalSection(SolutionProperties) = preSolution
		HideSolutionNode = FALSE
	EndGlobalSection
	GlobalSection(ExtensibilityGlobals) = postSolution
		SolutionGuid = {017F1C7C-478D-4FAB-9A8C-936A07D7F34B}
	EndGlobalSection
EndGlobal
